# This file is automatically @generated by Cargo.
# It is not intended for manual editing.
version = 3

[[package]]
name = "base64ct"
version = "1.0.0"
source = "registry+https://github.com/rust-lang/crates.io-index"
checksum = "d0d27fb6b6f1e43147af148af49d49329413ba781aa0d5e10979831c210173b5"

[[package]]
name = "bitflags"
version = "1.2.1"
source = "registry+https://github.com/rust-lang/crates.io-index"
checksum = "cf1de2fe8c75bc145a2f577add951f8134889b4795d47466a54a5c846d691693"

[[package]]
name = "block-buffer"
version = "0.9.0"
source = "registry+https://github.com/rust-lang/crates.io-index"
checksum = "4152116fd6e9dadb291ae18fc1ec3575ed6d84c29642d97890f4b4a3417297e4"
dependencies = [
 "block-padding",
 "generic-array",
]

[[package]]
name = "block-padding"
version = "0.2.1"
source = "registry+https://github.com/rust-lang/crates.io-index"
checksum = "8d696c370c750c948ada61c69a0ee2cbbb9c50b1019ddb86d9317157a99c2cae"

[[package]]
name = "cfg-if"
version = "1.0.0"
source = "registry+https://github.com/rust-lang/crates.io-index"
checksum = "baf1de4339761588bc0619e3cbc0120ee582ebb74b53b4efbf79117bd2da40fd"

[[package]]
name = "const-oid"
version = "0.6.0"
source = "registry+https://github.com/rust-lang/crates.io-index"
checksum = "44c32f031ea41b4291d695026c023b95d59db2d8a2c7640800ed56bc8f510f22"

[[package]]
name = "cpufeatures"
version = "0.1.5"
source = "registry+https://github.com/rust-lang/crates.io-index"
checksum = "66c99696f6c9dd7f35d486b9d04d7e6e202aa3e8c40d553f2fdf5e7e0c6a71ef"
dependencies = [
 "libc",
]

[[package]]
name = "crypto-bigint"
version = "0.2.1"
source = "registry+https://github.com/rust-lang/crates.io-index"
checksum = "bdc9968be9247fb330af911b91a58a267cbbcfcb8dea88debaf977738950dce5"
dependencies = [
 "generic-array",
 "subtle",
 "zeroize",
]

[[package]]
name = "crypto-mac"
version = "0.11.0"
source = "registry+https://github.com/rust-lang/crates.io-index"
checksum = "25fab6889090c8133f3deb8f73ba3c65a7f456f66436fc012a1b1e272b1e103e"
dependencies = [
 "generic-array",
 "subtle",
]

[[package]]
name = "der"
version = "0.4.0"
source = "registry+https://github.com/rust-lang/crates.io-index"
checksum = "49f215f706081a44cb702c71c39a52c05da637822e9c1645a50b7202689e982d"
dependencies = [
 "const-oid",
]

[[package]]
name = "digest"
version = "0.9.0"
source = "registry+https://github.com/rust-lang/crates.io-index"
checksum = "d3dd60d1080a57a05ab032377049e0591415d2b31afd7028356dbf3cc6dcb066"
dependencies = [
 "generic-array",
]

[[package]]
name = "ecdsa"
version = "0.12.2"
source = "registry+https://github.com/rust-lang/crates.io-index"
checksum = "05cb0ed2d2ce37766ac86c05f66973ace8c51f7f1533bedce8fb79e2b54b3f14"
dependencies = [
 "der",
 "elliptic-curve",
 "hmac",
 "signature",
]

[[package]]
name = "elliptic-curve"
version = "0.10.3"
source = "registry+https://github.com/rust-lang/crates.io-index"
checksum = "dd035cb119cbc25e91bb6f1abbfe341388ddb47a1fe5e77ca6bcbe231e87580b"
dependencies = [
 "crypto-bigint",
 "ff",
 "generic-array",
 "group",
 "pkcs8",
 "rand_core",
 "subtle",
 "zeroize",
]

[[package]]
name = "ff"
version = "0.10.0"
source = "registry+https://github.com/rust-lang/crates.io-index"
checksum = "63eec06c61e487eecf0f7e6e6372e596a81922c28d33e645d6983ca6493a1af0"
dependencies = [
 "rand_core",
 "subtle",
]

[[package]]
name = "generic-array"
version = "0.14.4"
source = "registry+https://github.com/rust-lang/crates.io-index"
checksum = "501466ecc8a30d1d3b7fc9229b122b2ce8ed6e9d9223f1138d4babb253e51817"
dependencies = [
 "typenum",
 "version_check",
]

[[package]]
name = "getrandom"
version = "0.2.3"
source = "registry+https://github.com/rust-lang/crates.io-index"
checksum = "7fcd999463524c52659517fe2cea98493cfe485d10565e7b0fb07dbba7ad2753"
dependencies = [
 "cfg-if",
 "libc",
 "wasi",
]

[[package]]
name = "group"
version = "0.10.0"
source = "registry+https://github.com/rust-lang/crates.io-index"
checksum = "1c363a5301b8f153d80747126a04b3c82073b9fe3130571a9d170cacdeaf7912"
dependencies = [
 "ff",
 "rand_core",
 "subtle",
]

[[package]]
name = "hmac"
version = "0.11.0"
source = "registry+https://github.com/rust-lang/crates.io-index"
checksum = "2a2a2320eb7ec0ebe8da8f744d7812d9fc4cb4d09344ac01898dbcb6a20ae69b"
dependencies = [
 "crypto-mac",
 "digest",
]

[[package]]
name = "k256"
version = "0.9.3"
source = "registry+https://github.com/rust-lang/crates.io-index"
checksum = "d2e31b17f680ce217565feadee9e9fd21f309ceb3983ca5ab566b50203982d78"
dependencies = [
 "cfg-if",
 "ecdsa",
 "elliptic-curve",
 "sha2",
 "sha3",
]

[[package]]
name = "keccak"
version = "0.1.0"
source = "registry+https://github.com/rust-lang/crates.io-index"
checksum = "67c21572b4949434e4fc1e1978b99c5f77064153c59d998bf13ecd96fb5ecba7"

[[package]]
name = "libc"
version = "0.2.97"
source = "registry+https://github.com/rust-lang/crates.io-index"
checksum = "12b8adadd720df158f4d70dfe7ccc6adb0472d7c55ca83445f6a5ab3e36f8fb6"

[[package]]
name = "opaque-debug"
version = "0.3.0"
source = "registry+https://github.com/rust-lang/crates.io-index"
checksum = "624a8340c38c1b80fd549087862da4ba43e08858af025b236e509b6649fc13d5"

[[package]]
name = "pkcs8"
version = "0.7.0"
source = "registry+https://github.com/rust-lang/crates.io-index"
checksum = "09d156817ae0125e8aa5067710b0db24f0984830614f99875a70aa5e3b74db69"
dependencies = [
 "base64ct",
 "der",
 "spki",
 "zeroize",
]

[[package]]
name = "ppv-lite86"
version = "0.2.10"
source = "registry+https://github.com/rust-lang/crates.io-index"
checksum = "ac74c624d6b2d21f425f752262f42188365d7b8ff1aff74c82e45136510a4857"

[[package]]
name = "rand"
version = "0.8.4"
source = "registry+https://github.com/rust-lang/crates.io-index"
checksum = "2e7573632e6454cf6b99d7aac4ccca54be06da05aca2ef7423d22d27d4d4bcd8"
dependencies = [
 "libc",
 "rand_chacha",
 "rand_core",
 "rand_hc",
]

[[package]]
name = "rand_chacha"
version = "0.3.1"
source = "registry+https://github.com/rust-lang/crates.io-index"
checksum = "e6c10a63a0fa32252be49d21e7709d4d4baf8d231c2dbce1eaa8141b9b127d88"
dependencies = [
 "ppv-lite86",
 "rand_core",
]

[[package]]
name = "rand_core"
version = "0.6.3"
source = "registry+https://github.com/rust-lang/crates.io-index"
checksum = "d34f1408f55294453790c48b2f1ebbb1c5b4b7563eb1f418bcfcfdbb06ebb4e7"
dependencies = [
 "getrandom",
]

[[package]]
name = "rand_hc"
version = "0.3.1"
source = "registry+https://github.com/rust-lang/crates.io-index"
checksum = "d51e9f596de227fda2ea6c84607f5558e196eeaf43c986b724ba4fb8fdf497e7"
dependencies = [
 "rand_core",
]

[[package]]
name = "redox_syscall"
version = "0.2.9"
source = "registry+https://github.com/rust-lang/crates.io-index"
checksum = "5ab49abadf3f9e1c4bc499e8845e152ad87d2ad2d30371841171169e9d75feee"
dependencies = [
 "bitflags",
]

[[package]]
name = "remove_dir_all"
version = "0.5.3"
source = "registry+https://github.com/rust-lang/crates.io-index"
checksum = "3acd125665422973a33ac9d3dd2df85edad0f4ae9b00dafb1a05e43a9f5ef8e7"
dependencies = [
 "winapi",
]

[[package]]
name = "sha2"
version = "0.9.5"
source = "registry+https://github.com/rust-lang/crates.io-index"
checksum = "b362ae5752fd2137731f9fa25fd4d9058af34666ca1966fb969119cc35719f12"
dependencies = [
 "block-buffer",
 "cfg-if",
 "cpufeatures",
 "digest",
 "opaque-debug",
]

[[package]]
name = "sha3"
version = "0.9.1"
source = "registry+https://github.com/rust-lang/crates.io-index"
checksum = "f81199417d4e5de3f04b1e871023acea7389672c4135918f05aa9cbf2f2fa809"
dependencies = [
 "block-buffer",
 "digest",
 "keccak",
 "opaque-debug",
]

[[package]]
name = "signatory"
version = "0.23.0-pre"
dependencies = [
 "ecdsa",
 "k256",
 "pkcs8",
 "rand_core",
 "signature",
 "tempfile",
 "zeroize",
]

[[package]]
name = "signature"
version = "1.3.0"
source = "registry+https://github.com/rust-lang/crates.io-index"
checksum = "0f0242b8e50dd9accdd56170e94ca1ebd223b098eb9c83539a6e367d0f36ae68"
dependencies = [
 "digest",
 "rand_core",
]

[[package]]
name = "spki"
version = "0.4.0"
source = "registry+https://github.com/rust-lang/crates.io-index"
checksum = "987637c5ae6b3121aba9d513f869bd2bff11c4cc086c22473befd6649c0bd521"
dependencies = [
 "der",
]

[[package]]
name = "subtle"
version = "2.4.0"
source = "registry+https://github.com/rust-lang/crates.io-index"
checksum = "1e81da0851ada1f3e9d4312c704aa4f8806f0f9d69faaf8df2f3464b4a9437c2"

[[package]]
name = "tempfile"
version = "3.2.0"
source = "registry+https://github.com/rust-lang/crates.io-index"
checksum = "dac1c663cfc93810f88aed9b8941d48cabf856a1b111c29a40439018d870eb22"
dependencies = [
 "cfg-if",
 "libc",
 "rand",
 "redox_syscall",
 "remove_dir_all",
 "winapi",
]

[[package]]
name = "typenum"
version = "1.13.0"
source = "registry+https://github.com/rust-lang/crates.io-index"
checksum = "879f6906492a7cd215bfa4cf595b600146ccfac0c79bcbd1f3000162af5e8b06"

[[package]]
name = "version_check"
version = "0.9.3"
source = "registry+https://github.com/rust-lang/crates.io-index"
checksum = "5fecdca9a5291cc2b8dcf7dc02453fee791a280f3743cb0905f8822ae463b3fe"

[[package]]
name = "wasi"
version = "0.10.2+wasi-snapshot-preview1"
source = "registry+https://github.com/rust-lang/crates.io-index"
checksum = "fd6fbd9a79829dd1ad0cc20627bf1ed606756a7f77edff7b66b7064f9cb327c6"

[[package]]
name = "winapi"
version = "0.3.9"
source = "registry+https://github.com/rust-lang/crates.io-index"
checksum = "5c839a674fcd7a98952e593242ea400abe93992746761e38641405d28b00f419"
dependencies = [
 "winapi-i686-pc-windows-gnu",
 "winapi-x86_64-pc-windows-gnu",
]

[[package]]
name = "winapi-i686-pc-windows-gnu"
version = "0.4.0"
source = "registry+https://github.com/rust-lang/crates.io-index"
checksum = "ac3b87c63620426dd9b991e5ce0329eff545bccbbb34f3be09ff6fb6ab51b7b6"

[[package]]
name = "winapi-x86_64-pc-windows-gnu"
version = "0.4.0"
source = "registry+https://github.com/rust-lang/crates.io-index"
checksum = "712e227841d057c1ee1cd2fb22fa7e5a5461ae8e48fa2ca79ec42cfc1931183f"

[[package]]
name = "zeroize"
version = "1.3.0"
source = "registry+https://github.com/rust-lang/crates.io-index"
checksum = "4756f7db3f7b5574938c3eb1c117038b8e07f95ee6718c0efad4ac21508f1efd"
