# This file is automatically @generated by Cargo.
# It is not intended for manual editing.
version = 4

[[package]]
name = "autocfg"
version = "1.3.0"
source = "registry+https://github.com/rust-lang/crates.io-index"
checksum = "0c4b4d0bd25bd0b74681c0ad21497610ce1b7c91b1022cd21c80c6fbdd9476b0"

[[package]]
name = "base16ct"
version = "1.0.0"
source = "registry+https://github.com/rust-lang/crates.io-index"
checksum = "fd307490d624467aa6f74b0eabb77633d1f758a7b25f12bceb0b22e08d9726f6"

[[package]]
name = "bip32"
version = "0.6.0-pre.1"
dependencies = [
 "bs58",
 "getrandom",
 "hex-literal",
 "hmac",
 "k256",
 "once_cell",
 "pbkdf2",
 "rand_core",
 "ripemd",
 "secp256k1",
 "sha2 0.11.0",
 "subtle",
 "zeroize",
]

[[package]]
name = "block-buffer"
version = "0.10.4"
source = "registry+https://github.com/rust-lang/crates.io-index"
checksum = "3078c7629b62d3f0439517fa394996acacc5cbc91c5a20d8c658e77abd503a71"
dependencies = [
 "generic-array",
]

[[package]]
name = "block-buffer"
version = "0.12.1"
source = "registry+https://github.com/rust-lang/crates.io-index"
checksum = "d2f6c7dbe95a6ed67ad9f18e57daf93a2f034c524b99fd2b76d18fdfeb6660aa"
dependencies = [
 "hybrid-array",
]

[[package]]
name = "bs58"
version = "0.5.1"
source = "registry+https://github.com/rust-lang/crates.io-index"
checksum = "bf88ba1141d185c399bee5288d850d63b8369520c1eafc32a0430b5b6c287bf4"
dependencies = [
 "sha2 0.10.8",
]

[[package]]
name = "cc"
version = "1.1.21"
source = "registry+https://github.com/rust-lang/crates.io-index"
checksum = "07b1695e2c7e8fc85310cde85aeaab7e3097f593c91d209d3f9df76c928100f0"
dependencies = [
 "shlex",
]

[[package]]
name = "cfg-if"
version = "1.0.0"
source = "registry+https://github.com/rust-lang/crates.io-index"
checksum = "baf1de4339761588bc0619e3cbc0120ee582ebb74b53b4efbf79117bd2da40fd"

[[package]]
name = "cmov"
version = "0.5.4"
source = "registry+https://github.com/rust-lang/crates.io-index"
checksum = "0c9ea0ac24bc397ab3c98583a3c9ba74fa56b09a4449bbe172b9b1ddb016027a"

[[package]]
name = "const-oid"
version = "0.10.2"
source = "registry+https://github.com/rust-lang/crates.io-index"
checksum = "a6ef517f0926dd24a1582492c791b6a4818a4d94e789a334894aa15b0d12f55c"

[[package]]
name = "cpubits"
version = "0.1.1"
source = "registry+https://github.com/rust-lang/crates.io-index"
checksum = "15b85f9c39137c3a891689859392b1bd49812121d0d61c9caf00d46ed5ce06ae"

[[package]]
name = "cpufeatures"
version = "0.2.14"
source = "registry+https://github.com/rust-lang/crates.io-index"
checksum = "608697df725056feaccfa42cffdaeeec3fccc4ffc38358ecd19b243e716a78e0"
dependencies = [
 "libc",
]

[[package]]
name = "cpufeatures"
version = "0.3.0"
source = "registry+https://github.com/rust-lang/crates.io-index"
checksum = "8b2a41393f66f16b0823bb79094d54ac5fbd34ab292ddafb9a0456ac9f87d201"
dependencies = [
 "libc",
]

[[package]]
name = "crypto-bigint"
version = "0.7.5"
source = "registry+https://github.com/rust-lang/crates.io-index"
checksum = "1a52aa3fcda4e6302a9f48734f234d35d4721b96f8fe07d073f07ce9df4f0271"
dependencies = [
 "cpubits",
 "ctutils",
 "hybrid-array",
 "num-traits",
 "rand_core",
 "subtle",
 "zeroize",
]

[[package]]
name = "crypto-common"
version = "0.1.6"
source = "registry+https://github.com/rust-lang/crates.io-index"
checksum = "1bfb12502f3fc46cca1bb51ac28df9d618d813cdc3d2f25b9fe775a34af26bb3"
dependencies = [
 "generic-array",
 "typenum",
]

[[package]]
name = "crypto-common"
version = "0.2.2"
source = "registry+https://github.com/rust-lang/crates.io-index"
checksum = "ce6e4c961d6cd6c9a86db418387425e8bdeaf05b3c8bc1411e6dca4c252f1453"
dependencies = [
 "hybrid-array",
 "rand_core",
]

[[package]]
name = "ctutils"
version = "0.4.2"
source = "registry+https://github.com/rust-lang/crates.io-index"
checksum = "7d5515a3834141de9eafb9717ad39eea8247b5674e6066c404e8c4b365d2a29e"
dependencies = [
 "cmov",
 "subtle",
]

[[package]]
name = "der"
version = "0.8.1"
source = "registry+https://github.com/rust-lang/crates.io-index"
checksum = "a69dedd701da44b0536442edf09c81a64b0ab97a7a4a5e3d1971f00027cbc63d"
dependencies = [
 "const-oid",
 "zeroize",
]

[[package]]
name = "digest"
version = "0.10.7"
source = "registry+https://github.com/rust-lang/crates.io-index"
checksum = "9ed9a281f7bc9b7576e61468ba615a66a5c8cfdff42420a70aa82701a3b1e292"
dependencies = [
 "block-buffer 0.10.4",
 "crypto-common 0.1.6",
]

[[package]]
name = "digest"
version = "0.11.3"
source = "registry+https://github.com/rust-lang/crates.io-index"
checksum = "f1dd6dbb5841937940781866fa1281a1ff7bd3bf827091440879f9994983d5c2"
dependencies = [
 "block-buffer 0.12.1",
 "const-oid",
 "crypto-common 0.2.2",
 "ctutils",
]

[[package]]
name = "ecdsa"
version = "0.17.0"
source = "registry+https://github.com/rust-lang/crates.io-index"
checksum = "c0681a4fc24c767085329728d8dfba959af91228aa4610cca4f8ce317ba46ae0"
dependencies = [
 "der",
 "digest 0.11.3",
 "elliptic-curve",
 "rfc6979",
 "signature",
 "zeroize",
]

[[package]]
name = "elliptic-curve"
version = "0.14.1"
source = "registry+https://github.com/rust-lang/crates.io-index"
checksum = "9d65aa39b3a5c1c9c1b745c9a019234bb7a21b77abcb4f4d266d706e2d577d65"
dependencies = [
 "base16ct",
 "crypto-bigint",
 "crypto-common 0.2.2",
 "digest 0.11.3",
 "ff",
 "group",
 "hybrid-array",
 "rand_core",
 "sec1",
 "subtle",
 "zeroize",
]

[[package]]
name = "ff"
version = "0.14.0"
source = "registry+https://github.com/rust-lang/crates.io-index"
checksum = "a1f686ab92a9fb0eaf188f6c6c87b89490baa6fdb0db4544ba4dc47f7942489f"
dependencies = [
 "rand_core",
 "subtle",
]

[[package]]
name = "generic-array"
version = "0.14.7"
source = "registry+https://github.com/rust-lang/crates.io-index"
checksum = "85649ca51fd72272d7821adaf274ad91c288277713d9c18820d8499a7ff69e9a"
dependencies = [
 "typenum",
 "version_check",
]

[[package]]
name = "getrandom"
version = "0.4.3"
source = "registry+https://github.com/rust-lang/crates.io-index"
checksum = "300e883d756b2e4ec94e02791f39b04b522276138852cfc41d9fb7e904106099"
dependencies = [
 "cfg-if",
 "libc",
 "r-efi",
 "rand_core",
]

[[package]]
name = "group"
version = "0.14.0"
source = "registry+https://github.com/rust-lang/crates.io-index"
checksum = "7fd1a1c7a5206c5b7a3f5a0d7ccd3ff85d0c8f5133d62a02680255b0004af5f4"
dependencies = [
 "ff",
 "rand_core",
 "subtle",
]

[[package]]
name = "hex-literal"
version = "0.4.1"
source = "registry+https://github.com/rust-lang/crates.io-index"
checksum = "6fe2267d4ed49bc07b63801559be28c718ea06c4738b7a03c94df7386d2cde46"

[[package]]
name = "hmac"
version = "0.13.0"
source = "registry+https://github.com/rust-lang/crates.io-index"
checksum = "6303bc9732ae41b04cb554b844a762b4115a61bfaa81e3e83050991eeb56863f"
dependencies = [
 "digest 0.11.3",
]

[[package]]
name = "hybrid-array"
version = "0.4.13"
source = "registry+https://github.com/rust-lang/crates.io-index"
checksum = "818356c5132c1fede50f837ca96afbe78ff42413047f4abb886217845e1b6c8c"
dependencies = [
 "subtle",
 "typenum",
 "zeroize",
]

[[package]]
name = "k256"
version = "0.14.0"
source = "registry+https://github.com/rust-lang/crates.io-index"
checksum = "93f50113171a713f4a4231ef82eb26703607139b35dcb56241f0ceab2ae1f7d8"
dependencies = [
 "cpubits",
 "ecdsa",
 "elliptic-curve",
 "primeorder",
 "sha2 0.11.0",
 "wnaf",
]

[[package]]
name = "libc"
version = "0.2.158"
source = "registry+https://github.com/rust-lang/crates.io-index"
checksum = "d8adc4bb1803a324070e64a98ae98f38934d91957a99cfb3a43dcbc01bc56439"

[[package]]
name = "num-traits"
version = "0.2.19"
source = "registry+https://github.com/rust-lang/crates.io-index"
checksum = "071dfc062690e90b734c0b2273ce72ad0ffa95f0c74596bc250dcfd960262841"
dependencies = [
 "autocfg",
]

[[package]]
name = "once_cell"
version = "1.19.0"
source = "registry+https://github.com/rust-lang/crates.io-index"
checksum = "3fdb12b2476b595f9358c5161aa467c2438859caa136dec86c26fdd2efe17b92"

[[package]]
name = "pbkdf2"
version = "0.13.0"
source = "registry+https://github.com/rust-lang/crates.io-index"
checksum = "112d82ceb8c5bf524d9af484d4e4970c9fd5a0cc15ba14ad93dccd28873b0629"
dependencies = [
 "digest 0.11.3",
 "hmac",
]

[[package]]
name = "primefield"
version = "0.14.0"
source = "registry+https://github.com/rust-lang/crates.io-index"
checksum = "c555a6e4eb7d4e158fcb028c835c3b8642206ddc279b5c6b202ef9a8bdb592f4"
dependencies = [
 "crypto-bigint",
 "crypto-common 0.2.2",
 "ff",
 "rand_core",
 "subtle",
 "zeroize",
]

[[package]]
name = "primeorder"
version = "0.14.0"
source = "registry+https://github.com/rust-lang/crates.io-index"
checksum = "5c9f42978c78a00e3d68f69fc03e57a234debae69da4020a4fb588fcdcd07b06"
dependencies = [
 "elliptic-curve",
 "primefield",
 "wnaf",
]

[[package]]
name = "r-efi"
version = "6.0.0"
source = "registry+https://github.com/rust-lang/crates.io-index"
checksum = "f8dcc9c7d52a811697d2151c701e0d08956f92b0e24136cf4cf27b57a6a0d9bf"

[[package]]
name = "rand_core"
version = "0.10.1"
source = "registry+https://github.com/rust-lang/crates.io-index"
checksum = "63b8176103e19a2643978565ca18b50549f6101881c443590420e4dc998a3c69"

[[package]]
name = "rfc6979"
version = "0.6.0"
source = "registry+https://github.com/rust-lang/crates.io-index"
checksum = "b4a459cddafb3fe76b31fd8f1108007566c40301feb64dc7b54656eb7388172b"
dependencies = [
 "crypto-bigint",
 "hmac",
]

[[package]]
name = "ripemd"
version = "0.2.0"
source = "registry+https://github.com/rust-lang/crates.io-index"
checksum = "4dd4211456b4172d7e44261920c25acf07367c4f04bb5f5d54fc21b090d9b159"
dependencies = [
 "digest 0.11.3",
]

[[package]]
name = "sec1"
version = "0.8.1"
source = "registry+https://github.com/rust-lang/crates.io-index"
checksum = "d56d437c2f19203ce5f7122e507831de96f3d2d4d3be5af44a0b0a09d8a80e4d"
dependencies = [
 "base16ct",
 "ctutils",
 "der",
 "hybrid-array",
 "subtle",
 "zeroize",
]

[[package]]
name = "secp256k1"
version = "0.33.1"
source = "registry+https://github.com/rust-lang/crates.io-index"
checksum = "d7f404a8dab7a7a5a631e741d8699aa9c8e1d689fc26ccf897c7187565490b69"
dependencies = [
 "secp256k1-sys",
]

[[package]]
name = "secp256k1-sys"
version = "0.14.1"
source = "registry+https://github.com/rust-lang/crates.io-index"
checksum = "f6b2992d4a3cd244539a7d5d0966aadbe5ca7fb868a5d7e38c29499b9e709bbd"
dependencies = [
 "cc",
]

[[package]]
name = "sha2"
version = "0.10.8"
source = "registry+https://github.com/rust-lang/crates.io-index"
checksum = "793db75ad2bcafc3ffa7c68b215fee268f537982cd901d132f89c6343f3a3dc8"
dependencies = [
 "cfg-if",
 "cpufeatures 0.2.14",
 "digest 0.10.7",
]

[[package]]
name = "sha2"
version = "0.11.0"
source = "registry+https://github.com/rust-lang/crates.io-index"
checksum = "446ba717509524cb3f22f17ecc096f10f4822d76ab5c0b9822c5f9c284e825f4"
dependencies = [
 "cfg-if",
 "cpufeatures 0.3.0",
 "digest 0.11.3",
]

[[package]]
name = "shlex"
version = "1.3.0"
source = "registry+https://github.com/rust-lang/crates.io-index"
checksum = "0fda2ff0d084019ba4d7c6f371c95d8fd75ce3524c3cb8fb653a3023f6323e64"

[[package]]
name = "signature"
version = "3.0.0"
source = "registry+https://github.com/rust-lang/crates.io-index"
checksum = "28d567dcbaf0049cb8ac2608a76cd95ff9e4412e1899d389ee400918ca7537f5"
dependencies = [
 "digest 0.11.3",
 "rand_core",
]

[[package]]
name = "subtle"
version = "2.6.1"
source = "registry+https://github.com/rust-lang/crates.io-index"
checksum = "13c2bddecc57b384dee18652358fb23172facb8a2c51ccc10d74c157bdea3292"

[[package]]
name = "typenum"
version = "1.20.1"
source = "registry+https://github.com/rust-lang/crates.io-index"
checksum = "b6f5e870be6c3b371b77fe0ee0bafb859fa4964b4404c27de1d380043c4dda20"

[[package]]
name = "version_check"
version = "0.9.5"
source = "registry+https://github.com/rust-lang/crates.io-index"
checksum = "0b928f33d975fc6ad9f86c8f283853ad26bdd5b10b7f1542aa2fa15e2289105a"

[[package]]
name = "wnaf"
version = "0.14.0"
source = "registry+https://github.com/rust-lang/crates.io-index"
checksum = "ab12e7090f27e2ffd9322651492942d50c2926094af30601e1964337db39daf1"
dependencies = [
 "ff",
 "group",
 "hybrid-array",
]

[[package]]
name = "zeroize"
version = "1.8.1"
source = "registry+https://github.com/rust-lang/crates.io-index"
checksum = "ced3678a2879b30306d323f4542626697a464a97c0a07c9aebf7ebca65cd4dde"
